// !$*UTF8*$!
{
	archiveVersion = 1;
	classes = {
	};
	objectVersion = 46;
	objects = {

/* Begin PBXBuildFile section */
		5FB075A61D694062002C4730 /* AppDelegate.m in Sources */ = {isa = PBXBuildFile; fileRef = 5FB0759C1D694062002C4730 /* AppDelegate.m */; };
		5FB075A71D694062002C4730 /* Assets.xcassets in Resources */ = {isa = PBXBuildFile; fileRef = 5FB0759D1D694062002C4730 /* Assets.xcassets */; };
		5FB075A81D694062002C4730 /* LaunchScreen.storyboard in Resources */ = {isa = PBXBuildFile; fileRef = 5FB0759E1D694062002C4730 /* LaunchScreen.storyboard */; };
		5FB075AB1D694062002C4730 /* main.m in Sources */ = {isa = PBXBuildFile; fileRef = 5FB075A31D694062002C4730 /* main.m */; };
		5FB075C51D6940DE002C4730 /* MainViewController.m in Sources */ = {isa = PBXBuildFile; fileRef = 5FB075C41D6940DE002C4730 /* MainViewController.m */; };
		5FB075D51D694182002C4730 /* CodeEditorColorAttribute.m in Sources */ = {isa = PBXBuildFile; fileRef = 5FB075C81D694182002C4730 /* CodeEditorColorAttribute.m */; };
		5FB075D61D694182002C4730 /* CodeEditorColorScheme.m in Sources */ = {isa = PBXBuildFile; fileRef = 5FB075CA1D694182002C4730 /* CodeEditorColorScheme.m */; };
		5FB075D71D694182002C4730 /* CodeEditorLanguage.m in Sources */ = {isa = PBXBuildFile; fileRef = 5FB075CC1D694182002C4730 /* CodeEditorLanguage.m */; };
		5FB075D81D694182002C4730 /* CodeEditorLanguagePattern.m in Sources */ = {isa = PBXBuildFile; fileRef = 5FB075CE1D694182002C4730 /* CodeEditorLanguagePattern.m */; };
		5FB075D91D694182002C4730 /* CodeEditorLayoutManager.m in Sources */ = {isa = PBXBuildFile; fileRef = 5FB075D01D694182002C4730 /* CodeEditorLayoutManager.m */; };
		5FB075DA1D694182002C4730 /* CodeEditorPattern.m in Sources */ = {isa = PBXBuildFile; fileRef = 5FB075D21D694182002C4730 /* CodeEditorPattern.m */; };
		5FB075DB1D694182002C4730 /* CodeEditorView.m in Sources */ = {isa = PBXBuildFile; fileRef = 5FB075D41D694182002C4730 /* CodeEditorView.m */; };
/* End PBXBuildFile section */

/* Begin PBXFileReference section */
		5FB075801D694027002C4730 /* CodeEditorView.app */ = {isa = PBXFileReference; explicitFileType = wrapper.application; includeInIndex = 0; path = CodeEditorView.app; sourceTree = BUILT_PRODUCTS_DIR; };
		5FB0759B1D694062002C4730 /* AppDelegate.h */ = {isa = PBXFileReference; fileEncoding = 4; lastKnownFileType = sourcecode.c.h; path = AppDelegate.h; sourceTree = "<group>"; };
		5FB0759C1D694062002C4730 /* AppDelegate.m */ = {isa = PBXFileReference; fileEncoding = 4; lastKnownFileType = sourcecode.c.objc; path = AppDelegate.m; sourceTree = "<group>"; };
		5FB0759D1D694062002C4730 /* Assets.xcassets */ = {isa = PBXFileReference; lastKnownFileType = folder.assetcatalog; path = Assets.xcassets; sourceTree = "<group>"; };
		5FB0759F1D694062002C4730 /* Base */ = {isa = PBXFileReference; lastKnownFileType = file.storyboard; name = Base; path = Base.lproj/LaunchScreen.storyboard; sourceTree = "<group>"; };
		5FB075A21D694062002C4730 /* Info.plist */ = {isa = PBXFileReference; fileEncoding = 4; lastKnownFileType = text.plist.xml; path = Info.plist; sourceTree = "<group>"; };
		5FB075A31D694062002C4730 /* main.m */ = {isa = PBXFileReference; fileEncoding = 4; lastKnownFileType = sourcecode.c.objc; path = main.m; sourceTree = "<group>"; };
		5FB075C31D6940DE002C4730 /* MainViewController.h */ = {isa = PBXFileReference; fileEncoding = 4; lastKnownFileType = sourcecode.c.h; path = MainViewController.h; sourceTree = "<group>"; };
		5FB075C41D6940DE002C4730 /* MainViewController.m */ = {isa = PBXFileReference; fileEncoding = 4; lastKnownFileType = sourcecode.c.objc; path = MainViewController.m; sourceTree = "<group>"; };
		5FB075C71D694182002C4730 /* CodeEditorColorAttribute.h */ = {isa = PBXFileReference; fileEncoding = 4; lastKnownFileType = sourcecode.c.h; path = CodeEditorColorAttribute.h; sourceTree = "<group>"; };
		5FB075C81D694182002C4730 /* CodeEditorColorAttribute.m */ = {isa = PBXFileReference; fileEncoding = 4; lastKnownFileType = sourcecode.c.objc; path = CodeEditorColorAttribute.m; sourceTree = "<group>"; };
		5FB075C91D694182002C4730 /* CodeEditorColorScheme.h */ = {isa = PBXFileReference; fileEncoding = 4; lastKnownFileType = sourcecode.c.h; path = CodeEditorColorScheme.h; sourceTree = "<group>"; };
		5FB075CA1D694182002C4730 /* CodeEditorColorScheme.m */ = {isa = PBXFileReference; fileEncoding = 4; lastKnownFileType = sourcecode.c.objc; path = CodeEditorColorScheme.m; sourceTree = "<group>"; };
		5FB075CB1D694182002C4730 /* CodeEditorLanguage.h */ = {isa = PBXFileReference; fileEncoding = 4; lastKnownFileType = sourcecode.c.h; path = CodeEditorLanguage.h; sourceTree = "<group>"; };
		5FB075CC1D694182002C4730 /* CodeEditorLanguage.m */ = {isa = PBXFileReference; fileEncoding = 4; lastKnownFileType = sourcecode.c.objc; path = CodeEditorLanguage.m; sourceTree = "<group>"; };
		5FB075CD1D694182002C4730 /* CodeEditorLanguagePattern.h */ = {isa = PBXFileReference; fileEncoding = 4; lastKnownFileType = sourcecode.c.h; path = CodeEditorLanguagePattern.h; sourceTree = "<group>"; };
		5FB075CE1D694182002C4730 /* CodeEditorLanguagePattern.m */ = {isa = PBXFileReference; fileEncoding = 4; lastKnownFileType = sourcecode.c.objc; path = CodeEditorLanguagePattern.m; sourceTree = "<group>"; };
		5FB075CF1D694182002C4730 /* CodeEditorLayoutManager.h */ = {isa = PBXFileReference; fileEncoding = 4; lastKnownFileType = sourcecode.c.h; path = CodeEditorLayoutManager.h; sourceTree = "<group>"; };
		5FB075D01D694182002C4730 /* CodeEditorLayoutManager.m */ = {isa = PBXFileReference; fileEncoding = 4; lastKnownFileType = sourcecode.c.objc; path = CodeEditorLayoutManager.m; sourceTree = "<group>"; };
		5FB075D11D694182002C4730 /* CodeEditorPattern.h */ = {isa = PBXFileReference; fileEncoding = 4; lastKnownFileType = sourcecode.c.h; path = CodeEditorPattern.h; sourceTree = "<group>"; };
		5FB075D21D694182002C4730 /* CodeEditorPattern.m */ = {isa = PBXFileReference; fileEncoding = 4; lastKnownFileType = sourcecode.c.objc; path = CodeEditorPattern.m; sourceTree = "<group>"; };
		5FB075D31D694182002C4730 /* CodeEditorView.h */ = {isa = PBXFileReference; fileEncoding = 4; lastKnownFileType = sourcecode.c.h; path = CodeEditorView.h; sourceTree = "<group>"; };
		5FB075D41D694182002C4730 /* CodeEditorView.m */ = {isa = PBXFileReference; fileEncoding = 4; lastKnownFileType = sourcecode.c.objc; path = CodeEditorView.m; sourceTree = "<group>"; };
/* End PBXFileReference section */

/* Begin PBXFrameworksBuildPhase section */
		5FB0757D1D694027002C4730 /* Frameworks */ = {
			isa = PBXFrameworksBuildPhase;
			buildActionMask = 2147483647;
			files = (
			);
			runOnlyForDeploymentPostprocessing = 0;
		};
/* End PBXFrameworksBuildPhase section */

/* Begin PBXGroup section */
		5FB075771D694027002C4730 = {
			isa = PBXGroup;
			children = (
				5FB075C61D694182002C4730 /* CodeEditorView */,
				5FB0759A1D694062002C4730 /* CodeEditorViewDemo */,
				5FB075811D694027002C4730 /* Products */,
			);
			sourceTree = "<group>";
		};
		5FB075811D694027002C4730 /* Products */ = {
			isa = PBXGroup;
			children = (
				5FB075801D694027002C4730 /* CodeEditorView.app */,
			);
			name = Products;
			sourceTree = "<group>";
		};
		5FB0759A1D694062002C4730 /* CodeEditorViewDemo */ = {
			isa = PBXGroup;
			children = (
				5FB0759B1D694062002C4730 /* AppDelegate.h */,
				5FB0759C1D694062002C4730 /* AppDelegate.m */,
				5FB0759D1D694062002C4730 /* Assets.xcassets */,
				5FB0759E1D694062002C4730 /* LaunchScreen.storyboard */,
				5FB075A21D694062002C4730 /* Info.plist */,
				5FB075A31D694062002C4730 /* main.m */,
				5FB075C31D6940DE002C4730 /* MainViewController.h */,
				5FB075C41D6940DE002C4730 /* MainViewController.m */,
			);
			path = CodeEditorViewDemo;
			sourceTree = "<group>";
		};
		5FB075C61D694182002C4730 /* CodeEditorView */ = {
			isa = PBXGroup;
			children = (
				5FB075C71D694182002C4730 /* CodeEditorColorAttribute.h */,
				5FB075C81D694182002C4730 /* CodeEditorColorAttribute.m */,
				5FB075C91D694182002C4730 /* CodeEditorColorScheme.h */,
				5FB075CA1D694182002C4730 /* CodeEditorColorScheme.m */,
				5FB075CB1D694182002C4730 /* CodeEditorLanguage.h */,
				5FB075CC1D694182002C4730 /* CodeEditorLanguage.m */,
				5FB075CD1D694182002C4730 /* CodeEditorLanguagePattern.h */,
				5FB075CE1D694182002C4730 /* CodeEditorLanguagePattern.m */,
				5FB075CF1D694182002C4730 /* CodeEditorLayoutManager.h */,
				5FB075D01D694182002C4730 /* CodeEditorLayoutManager.m */,
				5FB075D11D694182002C4730 /* CodeEditorPattern.h */,
				5FB075D21D694182002C4730 /* CodeEditorPattern.m */,
				5FB075D31D694182002C4730 /* CodeEditorView.h */,
				5FB075D41D694182002C4730 /* CodeEditorView.m */,
			);
			path = CodeEditorView;
			sourceTree = "<group>";
		};
/* End PBXGroup section */

/* Begin PBXNativeTarget section */
		5FB0757F1D694027002C4730 /* CodeEditorView */ = {
			isa = PBXNativeTarget;
			buildConfigurationList = 5FB075971D694027002C4730 /* Build configuration list for PBXNativeTarget "CodeEditorView" */;
			buildPhases = (
				5FB0757C1D694027002C4730 /* Sources */,
				5FB0757D1D694027002C4730 /* Frameworks */,
				5FB0757E1D694027002C4730 /* Resources */,
			);
			buildRules = (
			);
			dependencies = (
			);
			name = CodeEditorView;
			productName = CodeEditorView;
			productReference = 5FB075801D694027002C4730 /* CodeEditorView.app */;
			productType = "com.apple.product-type.application";
		};
/* End PBXNativeTarget section */

/* Begin PBXProject section */
		5FB075781D694027002C4730 /* Project object */ = {
			isa = PBXProject;
			attributes = {
				LastUpgradeCheck = 0730;
				ORGANIZATIONNAME = GuessEver;
				TargetAttributes = {
					5FB0757F1D694027002C4730 = {
						CreatedOnToolsVersion = 7.3.1;
					};
				};
			};
			buildConfigurationList = 5FB0757B1D694027002C4730 /* Build configuration list for PBXProject "CodeEditorView" */;
			compatibilityVersion = "Xcode 3.2";
			developmentRegion = English;
			hasScannedForEncodings = 0;
			knownRegions = (
				en,
				Base,
			);
			mainGroup = 5FB075771D694027002C4730;
			productRefGroup = 5FB075811D694027002C4730 /* Products */;
			projectDirPath = "";
			projectRoot = "";
			targets = (
				5FB0757F1D694027002C4730 /* CodeEditorView */,
			);
		};
/* End PBXProject section */

/* Begin PBXResourcesBuildPhase section */
		5FB0757E1D694027002C4730 /* Resources */ = {
			isa = PBXResourcesBuildPhase;
			buildActionMask = 2147483647;
			files = (
				5FB075A71D694062002C4730 /* Assets.xcassets in Resources */,
				5FB075A81D694062002C4730 /* LaunchScreen.storyboard in Resources */,
			);
			runOnlyForDeploymentPostprocessing = 0;
		};
/* End PBXResourcesBuildPhase section */

/* Begin PBXSourcesBuildPhase section */
		5FB0757C1D694027002C4730 /* Sources */ = {
			isa = PBXSourcesBuildPhase;
			buildActionMask = 2147483647;
			files = (
				5FB075DA1D694182002C4730 /* CodeEditorPattern.m in Sources */,
				5FB075C51D6940DE002C4730 /* MainViewController.m in Sources */,
				5FB075DB1D694182002C4730 /* CodeEditorView.m in Sources */,
				5FB075D81D694182002C4730 /* CodeEditorLanguagePattern.m in Sources */,
				5FB075AB1D694062002C4730 /* main.m in Sources */,
				5FB075D51D694182002C4730 /* CodeEditorColorAttribute.m in Sources */,
				5FB075D71D694182002C4730 /* CodeEditorLanguage.m in Sources */,
				5FB075D61D694182002C4730 /* CodeEditorColorScheme.m in Sources */,
				5FB075A61D694062002C4730 /* AppDelegate.m in Sources */,
				5FB075D91D694182002C4730 /* CodeEditorLayoutManager.m in Sources */,
			);
			runOnlyForDeploymentPostprocessing = 0;
		};
/* End PBXSourcesBuildPhase section */

/* Begin PBXVariantGroup section */
		5FB0759E1D694062002C4730 /* LaunchScreen.storyboard */ = {
			isa = PBXVariantGroup;
			children = (
				5FB0759F1D694062002C4730 /* Base */,
			);
			name = LaunchScreen.storyboard;
			sourceTree = "<group>";
		};
/* End PBXVariantGroup section */

/* Begin XCBuildConfiguration section */
		5FB075951D694027002C4730 /* Debug */ = {
			isa = XCBuildConfiguration;
			buildSettings = {
				ALWAYS_SEARCH_USER_PATHS = NO;
				CLANG_ANALYZER_NONNULL = YES;
				CLANG_CXX_LANGUAGE_STANDARD = "gnu++0x";
				CLANG_CXX_LIBRARY = "libc++";
				CLANG_ENABLE_MODULES = YES;
				CLANG_ENABLE_OBJC_ARC = YES;
				CLANG_WARN_BOOL_CONVERSION = YES;
				CLANG_WARN_CONSTANT_CONVERSION = YES;
				CLANG_WARN_DIRECT_OBJC_ISA_USAGE = YES_ERROR;
				CLANG_WARN_EMPTY_BODY = YES;
				CLANG_WARN_ENUM_CONVERSION = YES;
				CLANG_WARN_INT_CONVERSION = YES;
				CLANG_WARN_OBJC_ROOT_CLASS = YES_ERROR;
				CLANG_WARN_UNREACHABLE_CODE = YES;
				CLANG_WARN__DUPLICATE_METHOD_MATCH = YES;
				"CODE_SIGN_IDENTITY[sdk=iphoneos*]" = "iPhone Developer";
				COPY_PHASE_STRIP = NO;
				DEBUG_INFORMATION_FORMAT = dwarf;
				ENABLE_STRICT_OBJC_MSGSEND = YES;
				ENABLE_TESTABILITY = YES;
				GCC_C_LANGUAGE_STANDARD = gnu99;
				GCC_DYNAMIC_NO_PIC = NO;
				GCC_NO_COMMON_BLOCKS = YES;
				GCC_OPTIMIZATION_LEVEL = 0;
				GCC_PREPROCESSOR_DEFINITIONS = (
					"DEBUG=1",
					"$(inherited)",
				);
				GCC_WARN_64_TO_32_BIT_CONVERSION = YES;
				GCC_WARN_ABOUT_RETURN_TYPE = YES_ERROR;
				GCC_WARN_UNDECLARED_SELECTOR = YES;
				GCC_WARN_UNINITIALIZED_AUTOS = YES_AGGRESSIVE;
				GCC_WARN_UNUSED_FUNCTION = YES;
				GCC_WARN_UNUSED_VARIABLE = YES;
				IPHONEOS_DEPLOYMENT_TARGET = 9.3;
				MTL_ENABLE_DEBUG_INFO = YES;
				ONLY_ACTIVE_ARCH = YES;
				SDKROOT = iphoneos;
				TARGETED_DEVICE_FAMILY = "1,2";
			};
			name = Debug;
		};
		5FB075961D694027002C4730 /* Release */ = {
			isa = XCBuildConfiguration;
			buildSettings = {
				ALWAYS_SEARCH_USER_PATHS = NO;
				CLANG_ANALYZER_NONNULL = YES;
				CLANG_CXX_LANGUAGE_STANDARD = "gnu++0x";
				CLANG_CXX_LIBRARY = "libc++";
				CLANG_ENABLE_MODULES = YES;
				CLANG_ENABLE_OBJC_ARC = YES;
				CLANG_WARN_BOOL_CONVERSION = YES;
				CLANG_WARN_CONSTANT_CONVERSION = YES;
				CLANG_WARN_DIRECT_OBJC_ISA_USAGE = YES_ERROR;
				CLANG_WARN_EMPTY_BODY = YES;
				CLANG_WARN_ENUM_CONVERSION = YES;
				CLANG_WARN_INT_CONVERSION = YES;
				CLANG_WARN_OBJC_ROOT_CLASS = YES_ERROR;
				CLANG_WARN_UNREACHABLE_CODE = YES;
				CLANG_WARN__DUPLICATE_METHOD_MATCH = YES;
				"CODE_SIGN_IDENTITY[sdk=iphoneos*]" = "iPhone Developer";
				COPY_PHASE_STRIP = NO;
				DEBUG_INFORMATION_FORMAT = "dwarf-with-dsym";
				ENABLE_NS_ASSERTIONS = NO;
				ENABLE_STRICT_OBJC_MSGSEND = YES;
				GCC_C_LANGUAGE_STANDARD = gnu99;
				GCC_NO_COMMON_BLOCKS = YES;
				GCC_WARN_64_TO_32_BIT_CONVERSION = YES;
				GCC_WARN_ABOUT_RETURN_TYPE = YES_ERROR;
				GCC_WARN_UNDECLARED_SELECTOR = YES;
				GCC_WARN_UNINITIALIZED_AUTOS = YES_AGGRESSIVE;
				GCC_WARN_UNUSED_FUNCTION = YES;
				GCC_WARN_UNUSED_VARIABLE = YES;
				IPHONEOS_DEPLOYMENT_TARGET = 9.3;
				MTL_ENABLE_DEBUG_INFO = NO;
				SDKROOT = iphoneos;
				TARGETED_DEVICE_FAMILY = "1,2";
				VALIDATE_PRODUCT = YES;
			};
			name = Release;
		};
		5FB075981D694027002C4730 /* Debug */ = {
			isa = XCBuildConfiguration;
			buildSettings = {
				ASSETCATALOG_COMPILER_APPICON_NAME = AppIcon;
				INFOPLIST_FILE = "$(SRCROOT)/CodeEditorViewDemo/Info.plist";
				IPHONEOS_DEPLOYMENT_TARGET = 6.0;
				LD_RUNPATH_SEARCH_PATHS = "$(inherited) @executable_path/Frameworks";
				PRODUCT_BUNDLE_IDENTIFIER = me.guessever.CodeEditorView;
				PRODUCT_NAME = "$(TARGET_NAME)";
			};
			name = Debug;
		};
		5FB075991D694027002C4730 /* Release */ = {
			isa = XCBuildConfiguration;
			buildSettings = {
				ASSETCATALOG_COMPILER_APPICON_NAME = AppIcon;
				INFOPLIST_FILE = "$(SRCROOT)/CodeEditorViewDemo/Info.plist";
				IPHONEOS_DEPLOYMENT_TARGET = 6.0;
				LD_RUNPATH_SEARCH_PATHS = "$(inherited) @executable_path/Frameworks";
				PRODUCT_BUNDLE_IDENTIFIER = me.guessever.CodeEditorView;
				PRODUCT_NAME = "$(TARGET_NAME)";
			};
			name = Release;
		};
/* End XCBuildConfiguration section */

/* Begin XCConfigurationList section */
		5FB0757B1D694027002C4730 /* Build configuration list for PBXProject "CodeEditorView" */ = {
			isa = XCConfigurationList;
			buildConfigurations = (
				5FB075951D694027002C4730 /* Debug */,
				5FB075961D694027002C4730 /* Release */,
			);
			defaultConfigurationIsVisible = 0;
			defaultConfigurationName = Release;
		};
		5FB075971D694027002C4730 /* Build configuration list for PBXNativeTarget "CodeEditorView" */ = {
			isa = XCConfigurationList;
			buildConfigurations = (
				5FB075981D694027002C4730 /* Debug */,
				5FB075991D694027002C4730 /* Release */,
			);
			defaultConfigurationIsVisible = 0;
		};
/* End XCConfigurationList section */
	};
	rootObject = 5FB075781D694027002C4730 /* Project object */;
}
